
Microsoft Visual Studio Solution File, Format Version 12.00
# Visual Studio Version 16
VisualStudioVersion = 16.0.30804.86
MinimumVisualStudioVersion = 10.0.40219.1
Project("{FAE04EC0-301F-11D3-BF4B-00C04F79EFBC}") = "ListBoxToExcel", "ListBoxToExcel\ListBoxToExcel.csproj", "{4405B708-5DC2-401A-BD1E-A97B8FCEC2CA}"
EndProject
Global
	GlobalSection(SolutionConfigurationPlatforms) = preSolution
		Debug|Any CPU = Debug|Any CPU
		Release|Any CPU = Release|Any CPU
	EndGlobalSection
	GlobalSection(ProjectConfigurationPlatforms) = postSolution
		{4405B708-5DC2-401A-BD1E-A97B8FCEC2CA}.Debug|Any CPU.ActiveCfg = Debug|Any CPU
		{4405B708-5DC2-401A-BD1E-A97B8FCEC2CA}.Debug|Any CPU.Build.0 = Debug|Any CPU
		{4405B708-5DC2-401A-BD1E-A97B8FCEC2CA}.Release|Any CPU.ActiveCfg = Release|Any CPU
		{4405B708-5DC2-401A-BD1E-A97B8FCEC2CA}.Release|Any CPU.Build.0 = Release|Any CPU
	EndGlobalSection
	GlobalSection(SolutionProperties) = preSolution
		HideSolutionNode = FALSE
	EndGlobalSection
	GlobalSection(ExtensibilityGlobals) = postSolution
		SolutionGuid = {3D7DF275-5B69-4DF7-98EB-BD9404D4DFE0}
	EndGlobalSection
EndGlobal
